github.com/felixge/httpsnoop v1.0.1/go.mod h1:m8KPJKqk1gH5J9DgRY2ASl2lWCfGKXixSwevea8zH2U=
github.com/felixge/httpsnoop v1.0.2 h1:+nS9g82KMXccJ/wp0zyRW9ZBHFETmMGtkk+2CTTrW4o=
github.com/felixge/httpsnoop v1.0.2/go.mod h1:m8KPJKqk1gH5J9DgRY2ASl2lWCfGKXixSwevea8zH2U=
github.com/go-sql-driver/mysql v1.6.0 h1:BCTh4TKNUYmOmMUcQ3IipzF5prigylS7XXjEkfCHuOE=
github.com/go-sql-driver/mysql v1.6.0/go.mod h1:DCzpHaOWr8IXmIStZouvnhqoel9Qv2LBy8hT2VhHyBg=
github.com/gorilla/handlers v1.5.1 h1:9lRY6j8DEeeBT10CvO9hGW0gmky0BprnvDI5vfhUHH4=
github.com/gorilla/handlers v1.5.1/go.mod h1:t8XrUpc4KVXb7HGyJ4/cEnwQiaxrX/hz1Zv/4g96P1Q=
github.com/gorilla/mux v1.8.0 h1:i40aqfkR1h2SlN9hojwV5ZA91wcXFOvkdNIeFDP5koI=
github.com/gorilla/mux v1.8.0/go.mod h1:DVbg23sWSpFRCP0SfiEN6jmj59UnW/n46BH5rLB71So=
github.com/hromov/cdb v0.0.0-20220423213611-75c157663bf1 h1:6Q42cuAIe05/VzJdg+NvcarxNQWVZahyYmxxMcQRCp8=
github.com/hromov/cdb v0.0.0-20220423213611-75c157663bf1/go.mod h1:gVGEvoZtOvY1J0TasJAh7jvcPcAABKZW0aQQ1My3iOg=
github.com/hromov/cdb v0.0.0-20220423220206-5d9375f06906 h1:dE1uEqa6gdkBWJfDrA4hx8i4NcmulyIA9hLDesX/mj4=
github.com/hromov/cdb v0.0.0-20220423220206-5d9375f06906/go.mod h1:BHbxvuXNbPjBYGJ4Lq+NUEI6Jyvjnn4Rb2k6xb4Q6uo=
github.com/hromov/cdb v0.0.0-20220423221335-5e77afb5a784 h1:0+vYPfr0NzomNvx63JM9NdJlyTMCmkXu4lMIy2mCSgE=
github.com/hromov/cdb v0.0.0-20220423221335-5e77afb5a784/go.mod h1:BHbxvuXNbPjBYGJ4Lq+NUEI6Jyvjnn4Rb2k6xb4Q6uo=
github.com/hromov/cdb v0.0.0-20220424090724-cb980c52a111 h1:Rr1am+x5BnSK+t3o7OlwzNzyH8BvLL4tUpx2Sh4XX/c=
github.com/hromov/cdb v0.0.0-20220424090724-cb980c52a111/go.mod h1:BHbxvuXNbPjBYGJ4Lq+NUEI6Jyvjnn4Rb2k6xb4Q6uo=
github.com/hromov/cdb v0.0.0-20220424122827-613f19bd3f4f h1:9OHhl9yfHleZK8Scux/8LLEaJ1NoxvxZvYqdFa3wi30=
github.com/hromov/cdb v0.0.0-20220424122827-613f19bd3f4f/go.mod h1:BHbxvuXNbPjBYGJ4Lq+NUEI6Jyvjnn4Rb2k6xb4Q6uo=
github.com/hromov/cdb v0.0.0-20220424125758-35b0961fa533 h1:yvB/AjL3nWcQInC9rXFCRKOepRZ+SpaBQytvMTov6pw=
github.com/hromov/cdb v0.0.0-20220424125758-35b0961fa533/go.mod h1:BHbxvuXNbPjBYGJ4Lq+NUEI6Jyvjnn4Rb2k6xb4Q6uo=
github.com/hromov/cdb v0.0.0-20220424141328-a7384d586021 h1:0tXankgXmY+j9XMWHvVsNdysJqngiyCqKeY+PBbUgNI=
github.com/hromov/cdb v0.0.0-20220424141328-a7384d586021/go.mod h1:BHbxvuXNbPjBYGJ4Lq+NUEI6Jyvjnn4Rb2k6xb4Q6uo=
github.com/hromov/cdb v0.0.0-20220424151718-3bd4ad338576 h1:hzZc1Y6EbNGP2GWNWyu39LwS+uXlesZ2hJd9tJrXtWc=
github.com/hromov/cdb v0.0.0-20220424151718-3bd4ad338576/go.mod h1:BHbxvuXNbPjBYGJ4Lq+NUEI6Jyvjnn4Rb2k6xb4Q6uo=
github.com/hromov/cdb v0.0.0-20220424160607-a361f24df19b h1:jP8W/d6A4WjLcLl1pZoT7RMXiVl1lxkTpYp9CIqeySA=
github.com/hromov/cdb v0.0.0-20220424160607-a361f24df19b/go.mod h1:BHbxvuXNbPjBYGJ4Lq+NUEI6Jyvjnn4Rb2k6xb4Q6uo=
github.com/hromov/cdb v0.0.0-20220424171752-760b511d2c74 h1:Mp7UkEJR584RTxFweu99xccXER6iG6hKyRhZhS0KsZo=
github.com/hromov/cdb v0.0.0-20220424171752-760b511d2c74/go.mod h1:BHbxvuXNbPjBYGJ4Lq+NUEI6Jyvjnn4Rb2k6xb4Q6uo=
github.com/hromov/cdb v0.0.0-20220425111427-0f803cd4baf3 h1:lUkZdlimUdBURFSOyK9LkNr2YwekhRGcKHLuPCIchf8=
github.com/hromov/cdb v0.0.0-20220425111427-0f803cd4baf3/go.mod h1:BHbxvuXNbPjBYGJ4Lq+NUEI6Jyvjnn4Rb2k6xb4Q6uo=
github.com/hromov/cdb v0.0.0-20220425155930-8c0e56dc046f h1:WAdDJCyQRMaAxT1ARv2WSAr4BfsvO2vu+s97npB7o+w=
github.com/hromov/cdb v0.0.0-20220425155930-8c0e56dc046f/go.mod h1:BHbxvuXNbPjBYGJ4Lq+NUEI6Jyvjnn4Rb2k6xb4Q6uo=
github.com/hromov/cdb v0.0.0-20220425162712-d3484f2e0723 h1:QnrY9o5O00BPe+834S6WktC8N6zaK6/Ny1gLprG5jLM=
github.com/hromov/cdb v0.0.0-20220425162712-d3484f2e0723/go.mod h1:BHbxvuXNbPjBYGJ4Lq+NUEI6Jyvjnn4Rb2k6xb4Q6uo=
github.com/hromov/cdb v0.0.0-20220425172038-77e55b405e56 h1:q29AmpVPcHPo6GgI/SWdZMrpEUFxjhoWQEws9FbNG1s=
github.com/hromov/cdb v0.0.0-20220425172038-77e55b405e56/go.mod h1:BHbxvuXNbPjBYGJ4Lq+NUEI6Jyvjnn4Rb2k6xb4Q6uo=
github.com/hromov/cdb v0.0.0-20220425184148-e3f2cb33a8b3 h1:OhQdISB7JyslPFFKfYHFKQTVokKmLr60xOwBA74M9Wg=
github.com/hromov/cdb v0.0.0-20220425184148-e3f2cb33a8b3/go.mod h1:BHbxvuXNbPjBYGJ4Lq+NUEI6Jyvjnn4Rb2k6xb4Q6uo=
github.com/hromov/cdb v0.0.0-20220425191134-74cdd063b600 h1:JffAZ9FmhU9KvmubGRHHqhGyWskZBbh98PgMLfu4avo=
github.com/hromov/cdb v0.0.0-20220425191134-74cdd063b600/go.mod h1:BHbxvuXNbPjBYGJ4Lq+NUEI6Jyvjnn4Rb2k6xb4Q6uo=
github.com/hromov/cdb v0.0.0-20220425210144-e83a59e22dc6 h1:E+pqWqQzOuejHNqrhZPHFJaEW2r7dH/J+Zt+XaTOKI4=
github.com/hromov/cdb v0.0.0-20220425210144-e83a59e22dc6/go.mod h1:BHbxvuXNbPjBYGJ4Lq+NUEI6Jyvjnn4Rb2k6xb4Q6uo=
github.com/hromov/cdb v0.0.0-20220429172426-d8788884a565 h1:cVBckKvSQQA9equun7ZFQ6FnOlMYuq8ED0UDZvwGRoI=
github.com/hromov/cdb v0.0.0-20220429172426-d8788884a565/go.mod h1:BHbxvuXNbPjBYGJ4Lq+NUEI6Jyvjnn4Rb2k6xb4Q6uo=
github.com/hromov/cdb v0.0.0-20220429182839-274219b02715 h1:mA50R70iWQTdR44gUtPheag0LTv5XAEyyEW/o9vi0gI=
github.com/hromov/cdb v0.0.0-20220429182839-274219b02715/go.mod h1:BHbxvuXNbPjBYGJ4Lq+NUEI6Jyvjnn4Rb2k6xb4Q6uo=
github.com/hromov/cdb v0.0.0-20220429190016-d39d1dd04b0e h1:R0c51QQb23AJtIJ3hqYefkVArQJR1NrjSdJHdOmBngY=
github.com/hromov/cdb v0.0.0-20220429190016-d39d1dd04b0e/go.mod h1:BHbxvuXNbPjBYGJ4Lq+NUEI6Jyvjnn4Rb2k6xb4Q6uo=
github.com/hromov/cdb v0.0.0-20220429191533-c3078884385a h1:O3gtPeqfL3CYiQa5zJhb0TrAShxUbrCnfHquDDE+ZD8=
github.com/hromov/cdb v0.0.0-20220429191533-c3078884385a/go.mod h1:BHbxvuXNbPjBYGJ4Lq+NUEI6Jyvjnn4Rb2k6xb4Q6uo=
github.com/hromov/cdb v0.0.0-20220429214637-756c89be68e1 h1:m4nb87/T3yAblZ4C4opn3GqOKRHLwsTTY7B4uZuxnks=
github.com/hromov/cdb v0.0.0-20220429214637-756c89be68e1/go.mod h1:BHbxvuXNbPjBYGJ4Lq+NUEI6Jyvjnn4Rb2k6xb4Q6uo=
github.com/hromov/cdb v0.0.0-20220430180818-2cf51ea34b79 h1:BUHUb9InEd2RdURG7e6WoRFmuD2JjvnZslpavNPf84w=
github.com/hromov/cdb v0.0.0-20220430180818-2cf51ea34b79/go.mod h1:BHbxvuXNbPjBYGJ4Lq+NUEI6Jyvjnn4Rb2k6xb4Q6uo=
github.com/jinzhu/inflection v1.0.0 h1:K317FqzuhWc8YvSVlFMCCUb36O/S9MCKRDI7QkRKD/E=
github.com/jinzhu/inflection v1.0.0/go.mod h1:h+uFLlag+Qp1Va5pdKtLDYj+kHp5pxUVkryuEj+Srlc=
github.com/jinzhu/now v1.1.4/go.mod h1:d3SSVoowX0Lcu0IBviAWJpolVfI5UJVZZ7cO71lE/z8=
github.com/jinzhu/now v1.1.5 h1:/o9tlHleP7gOFmsnYNz3RGnqzefHA47wQpKrrdTIwXQ=
github.com/jinzhu/now v1.1.5/go.mod h1:d3SSVoowX0Lcu0IBviAWJpolVfI5UJVZZ7cO71lE/z8=
gorm.io/driver/mysql v1.3.3 h1:jXG9ANrwBc4+bMvBcSl8zCfPBaVoPyBEBshA8dA93X8=
gorm.io/driver/mysql v1.3.3/go.mod h1:ChK6AHbHgDCFZyJp0F+BmVGb06PSIoh9uVYKAlRbb2U=
gorm.io/gorm v1.23.1/go.mod h1:l2lP/RyAtc1ynaTjFksBde/O8v9oOGIApu2/xRitmZk=
gorm.io/gorm v1.23.4 h1:1BKWM67O6CflSLcwGQR7ccfmC4ebOxQrTfOQGRE9wjg=
gorm.io/gorm v1.23.4/go.mod h1:l2lP/RyAtc1ynaTjFksBde/O8v9oOGIApu2/xRitmZk=
gorm.io/gorm v1.23.5 h1:TnlF26wScKSvknUC/Rn8t0NLLM22fypYBlvj1+aH6dM=
gorm.io/gorm v1.23.5/go.mod h1:l2lP/RyAtc1ynaTjFksBde/O8v9oOGIApu2/xRitmZk=
